
Microsoft Visual Studio Solution File, Format Version 12.00
# Visual Studio Version 17
VisualStudioVersion = 17.3.32922.545
MinimumVisualStudioVersion = 10.0.40219.1
Project("{FAE04EC0-301F-11D3-BF4B-00C04F79EFBC}") = "BookStoreApp.API", "BookStoreApp.API\BookStoreApp.API.csproj", "{2C0476A1-F867-49A2-ADAC-F098B0CDAD46}"
EndProject
Global
	GlobalSection(SolutionConfigurationPlatforms) = preSolution
		Debug|Any CPU = Debug|Any CPU
		Release|Any CPU = Release|Any CPU
	EndGlobalSection
	GlobalSection(ProjectConfigurationPlatforms) = postSolution
		{2C0476A1-F867-49A2-ADAC-F098B0CDAD46}.Debug|Any CPU.ActiveCfg = Debug|Any CPU
		{2C0476A1-F867-49A2-ADAC-F098B0CDAD46}.Debug|Any CPU.Build.0 = Debug|Any CPU
		{2C0476A1-F867-49A2-ADAC-F098B0CDAD46}.Release|Any CPU.ActiveCfg = Release|Any CPU
		{2C0476A1-F867-49A2-ADAC-F098B0CDAD46}.Release|Any CPU.Build.0 = Release|Any CPU
	EndGlobalSection
	GlobalSection(SolutionProperties) = preSolution
		HideSolutionNode = FALSE
	EndGlobalSection
	GlobalSection(ExtensibilityGlobals) = postSolution
		SolutionGuid = {14FC04F9-CD39-4620-B962-B7B52DF0E3F6}
	EndGlobalSection
EndGlobal
